
Microsoft Visual Studio Solution File, Format Version 12.00
# Visual Studio Version 16
VisualStudioVersion = 16.0.29519.87
MinimumVisualStudioVersion = 10.0.40219.1
Project("{FAE04EC0-301F-11D3-BF4B-00C04F79EFBC}") = "WallpaperSharp", "WallpaperSharp.csproj", "{6F87EC09-FD0D-46B7-819A-7B170BB827F1}"
EndProject
Project("{FAE04EC0-301F-11D3-BF4B-00C04F79EFBC}") = "Tester", "..\Tester\Tester.csproj", "{F5E495EE-D46B-4AA4-A112-F23D7BB094E5}"
EndProject
Global
	GlobalSection(SolutionConfigurationPlatforms) = preSolution
		Debug|Any CPU = Debug|Any CPU
		Release|Any CPU = Release|Any CPU
	EndGlobalSection
	GlobalSection(ProjectConfigurationPlatforms) = postSolution
		{6F87EC09-FD0D-46B7-819A-7B170BB827F1}.Debug|Any CPU.ActiveCfg = Debug|Any CPU
		{6F87EC09-FD0D-46B7-819A-7B170BB827F1}.Debug|Any CPU.Build.0 = Debug|Any CPU
		{6F87EC09-FD0D-46B7-819A-7B170BB827F1}.Release|Any CPU.ActiveCfg = Release|Any CPU
		{6F87EC09-FD0D-46B7-819A-7B170BB827F1}.Release|Any CPU.Build.0 = Release|Any CPU
		{F5E495EE-D46B-4AA4-A112-F23D7BB094E5}.Debug|Any CPU.ActiveCfg = Debug|Any CPU
		{F5E495EE-D46B-4AA4-A112-F23D7BB094E5}.Debug|Any CPU.Build.0 = Debug|Any CPU
		{F5E495EE-D46B-4AA4-A112-F23D7BB094E5}.Release|Any CPU.ActiveCfg = Release|Any CPU
		{F5E495EE-D46B-4AA4-A112-F23D7BB094E5}.Release|Any CPU.Build.0 = Release|Any CPU
	EndGlobalSection
	GlobalSection(SolutionProperties) = preSolution
		HideSolutionNode = FALSE
	EndGlobalSection
	GlobalSection(ExtensibilityGlobals) = postSolution
		SolutionGuid = {99D5A615-579B-40E1-8BF7-B42AB363CCDF}
	EndGlobalSection
EndGlobal
